
Microsoft Visual Studio Solution File, Format Version 12.00
# Visual Studio Version 16
VisualStudioVersion = 16.0.31911.196
MinimumVisualStudioVersion = 10.0.40219.1
Project("{FAE04EC0-301F-11D3-BF4B-00C04F79EFBC}") = "ADOExample", "ADOExample\ADOExample.csproj", "{8B6DC45C-48BC-47B4-8191-6D44E244913B}"
EndProject
Global
	GlobalSection(SolutionConfigurationPlatforms) = preSolution
		Debug|Any CPU = Debug|Any CPU
		Release|Any CPU = Release|Any CPU
	EndGlobalSection
	GlobalSection(ProjectConfigurationPlatforms) = postSolution
		{8B6DC45C-48BC-47B4-8191-6D44E244913B}.Debug|Any CPU.ActiveCfg = Debug|Any CPU
		{8B6DC45C-48BC-47B4-8191-6D44E244913B}.Debug|Any CPU.Build.0 = Debug|Any CPU
		{8B6DC45C-48BC-47B4-8191-6D44E244913B}.Release|Any CPU.ActiveCfg = Release|Any CPU
		{8B6DC45C-48BC-47B4-8191-6D44E244913B}.Release|Any CPU.Build.0 = Release|Any CPU
	EndGlobalSection
	GlobalSection(SolutionProperties) = preSolution
		HideSolutionNode = FALSE
	EndGlobalSection
	GlobalSection(ExtensibilityGlobals) = postSolution
		SolutionGuid = {A78BD699-C338-4B61-9189-C355F8A7AE4E}
	EndGlobalSection
EndGlobal
