
Microsoft Visual Studio Solution File, Format Version 12.00
# Visual Studio Version 17
VisualStudioVersion = 17.0.31903.59
MinimumVisualStudioVersion = 10.0.40219.1
Project("{FAE04EC0-301F-11D3-BF4B-00C04F79EFBC}") = "BinarySerial", "BinarySerial\BinarySerial.csproj", "{85C535E1-DDF4-4DCF-8F38-F0176C5D5799}"
EndProject
Global
	GlobalSection(SolutionConfigurationPlatforms) = preSolution
		Debug|Any CPU = Debug|Any CPU
		Release|Any CPU = Release|Any CPU
	EndGlobalSection
	GlobalSection(ProjectConfigurationPlatforms) = postSolution
		{85C535E1-DDF4-4DCF-8F38-F0176C5D5799}.Debug|Any CPU.ActiveCfg = Debug|Any CPU
		{85C535E1-DDF4-4DCF-8F38-F0176C5D5799}.Debug|Any CPU.Build.0 = Debug|Any CPU
		{85C535E1-DDF4-4DCF-8F38-F0176C5D5799}.Release|Any CPU.ActiveCfg = Release|Any CPU
		{85C535E1-DDF4-4DCF-8F38-F0176C5D5799}.Release|Any CPU.Build.0 = Release|Any CPU
	EndGlobalSection
	GlobalSection(SolutionProperties) = preSolution
		HideSolutionNode = FALSE
	EndGlobalSection
	GlobalSection(ExtensibilityGlobals) = postSolution
		SolutionGuid = {63E06C95-1715-4B84-ADE4-0CE5E259E059}
	EndGlobalSection
EndGlobal
