
Microsoft Visual Studio Solution File, Format Version 12.00
# Visual Studio Version 17
VisualStudioVersion = 17.0.31903.59
MinimumVisualStudioVersion = 10.0.40219.1
Project("{FAE04EC0-301F-11D3-BF4B-00C04F79EFBC}") = "EmployeeClass", "EmployeeClass\EmployeeClass.csproj", "{B99BEE9C-19F5-4460-8B7D-F73DDD33F21D}"
EndProject
Global
	GlobalSection(SolutionConfigurationPlatforms) = preSolution
		Debug|Any CPU = Debug|Any CPU
		Release|Any CPU = Release|Any CPU
	EndGlobalSection
	GlobalSection(ProjectConfigurationPlatforms) = postSolution
		{B99BEE9C-19F5-4460-8B7D-F73DDD33F21D}.Debug|Any CPU.ActiveCfg = Debug|Any CPU
		{B99BEE9C-19F5-4460-8B7D-F73DDD33F21D}.Debug|Any CPU.Build.0 = Debug|Any CPU
		{B99BEE9C-19F5-4460-8B7D-F73DDD33F21D}.Release|Any CPU.ActiveCfg = Release|Any CPU
		{B99BEE9C-19F5-4460-8B7D-F73DDD33F21D}.Release|Any CPU.Build.0 = Release|Any CPU
	EndGlobalSection
	GlobalSection(SolutionProperties) = preSolution
		HideSolutionNode = FALSE
	EndGlobalSection
	GlobalSection(ExtensibilityGlobals) = postSolution
		SolutionGuid = {8A90259E-B0C8-47B9-ADD5-495D33957965}
	EndGlobalSection
EndGlobal
