
Microsoft Visual Studio Solution File, Format Version 12.00
# Visual Studio Version 17
VisualStudioVersion = 17.0.31903.59
MinimumVisualStudioVersion = 10.0.40219.1
Project("{FAE04EC0-301F-11D3-BF4B-00C04F79EFBC}") = "EmployeeInheritance", "EmployeeInheritance\EmployeeInheritance.csproj", "{86BEC0CF-194D-4E3E-875E-8065969FCE0A}"
EndProject
Global
	GlobalSection(SolutionConfigurationPlatforms) = preSolution
		Debug|Any CPU = Debug|Any CPU
		Release|Any CPU = Release|Any CPU
	EndGlobalSection
	GlobalSection(ProjectConfigurationPlatforms) = postSolution
		{86BEC0CF-194D-4E3E-875E-8065969FCE0A}.Debug|Any CPU.ActiveCfg = Debug|Any CPU
		{86BEC0CF-194D-4E3E-875E-8065969FCE0A}.Debug|Any CPU.Build.0 = Debug|Any CPU
		{86BEC0CF-194D-4E3E-875E-8065969FCE0A}.Release|Any CPU.ActiveCfg = Release|Any CPU
		{86BEC0CF-194D-4E3E-875E-8065969FCE0A}.Release|Any CPU.Build.0 = Release|Any CPU
	EndGlobalSection
	GlobalSection(SolutionProperties) = preSolution
		HideSolutionNode = FALSE
	EndGlobalSection
	GlobalSection(ExtensibilityGlobals) = postSolution
		SolutionGuid = {2ED5D2DB-A29C-4BBD-98A8-05C5370519DD}
	EndGlobalSection
EndGlobal
