
Microsoft Visual Studio Solution File, Format Version 12.00
# Visual Studio Version 17
VisualStudioVersion = 17.0.31919.166
MinimumVisualStudioVersion = 10.0.40219.1
Project("{FAE04EC0-301F-11D3-BF4B-00C04F79EFBC}") = "GenericList", "GenericList\GenericList.csproj", "{E8F2F8F6-9890-4F4F-BD38-3CF60F98E03C}"
EndProject
Global
	GlobalSection(SolutionConfigurationPlatforms) = preSolution
		Debug|Any CPU = Debug|Any CPU
		Release|Any CPU = Release|Any CPU
	EndGlobalSection
	GlobalSection(ProjectConfigurationPlatforms) = postSolution
		{E8F2F8F6-9890-4F4F-BD38-3CF60F98E03C}.Debug|Any CPU.ActiveCfg = Debug|Any CPU
		{E8F2F8F6-9890-4F4F-BD38-3CF60F98E03C}.Debug|Any CPU.Build.0 = Debug|Any CPU
		{E8F2F8F6-9890-4F4F-BD38-3CF60F98E03C}.Release|Any CPU.ActiveCfg = Release|Any CPU
		{E8F2F8F6-9890-4F4F-BD38-3CF60F98E03C}.Release|Any CPU.Build.0 = Release|Any CPU
	EndGlobalSection
	GlobalSection(SolutionProperties) = preSolution
		HideSolutionNode = FALSE
	EndGlobalSection
	GlobalSection(ExtensibilityGlobals) = postSolution
		SolutionGuid = {F370B14F-E50B-4426-B8FE-E7793E4F4F41}
	EndGlobalSection
EndGlobal
