
Microsoft Visual Studio Solution File, Format Version 12.00
# Visual Studio Version 17
VisualStudioVersion = 17.0.31919.166
MinimumVisualStudioVersion = 10.0.40219.1
Project("{FAE04EC0-301F-11D3-BF4B-00C04F79EFBC}") = "InterfaceProgram", "InterfaceProgram\InterfaceProgram.csproj", "{E10E4729-2350-4889-ACB4-160659E48903}"
EndProject
Global
	GlobalSection(SolutionConfigurationPlatforms) = preSolution
		Debug|Any CPU = Debug|Any CPU
		Release|Any CPU = Release|Any CPU
	EndGlobalSection
	GlobalSection(ProjectConfigurationPlatforms) = postSolution
		{E10E4729-2350-4889-ACB4-160659E48903}.Debug|Any CPU.ActiveCfg = Debug|Any CPU
		{E10E4729-2350-4889-ACB4-160659E48903}.Debug|Any CPU.Build.0 = Debug|Any CPU
		{E10E4729-2350-4889-ACB4-160659E48903}.Release|Any CPU.ActiveCfg = Release|Any CPU
		{E10E4729-2350-4889-ACB4-160659E48903}.Release|Any CPU.Build.0 = Release|Any CPU
	EndGlobalSection
	GlobalSection(SolutionProperties) = preSolution
		HideSolutionNode = FALSE
	EndGlobalSection
	GlobalSection(ExtensibilityGlobals) = postSolution
		SolutionGuid = {03A2C447-3768-446F-8D3C-DD5C2CD45614}
	EndGlobalSection
EndGlobal
