
Microsoft Visual Studio Solution File, Format Version 12.00
# Visual Studio Version 17
VisualStudioVersion = 17.0.31903.59
MinimumVisualStudioVersion = 10.0.40219.1
Project("{FAE04EC0-301F-11D3-BF4B-00C04F79EFBC}") = "OperatorOverloading", "OperatorOverloading\OperatorOverloading.csproj", "{53513C14-1DE7-4B98-AECB-48FBE6D32100}"
EndProject
Global
	GlobalSection(SolutionConfigurationPlatforms) = preSolution
		Debug|Any CPU = Debug|Any CPU
		Release|Any CPU = Release|Any CPU
	EndGlobalSection
	GlobalSection(ProjectConfigurationPlatforms) = postSolution
		{53513C14-1DE7-4B98-AECB-48FBE6D32100}.Debug|Any CPU.ActiveCfg = Debug|Any CPU
		{53513C14-1DE7-4B98-AECB-48FBE6D32100}.Debug|Any CPU.Build.0 = Debug|Any CPU
		{53513C14-1DE7-4B98-AECB-48FBE6D32100}.Release|Any CPU.ActiveCfg = Release|Any CPU
		{53513C14-1DE7-4B98-AECB-48FBE6D32100}.Release|Any CPU.Build.0 = Release|Any CPU
	EndGlobalSection
	GlobalSection(SolutionProperties) = preSolution
		HideSolutionNode = FALSE
	EndGlobalSection
	GlobalSection(ExtensibilityGlobals) = postSolution
		SolutionGuid = {B91732C9-D3FE-45AB-AA34-16D3779CB4D2}
	EndGlobalSection
EndGlobal
