
Microsoft Visual Studio Solution File, Format Version 12.00
# Visual Studio Version 17
VisualStudioVersion = 17.0.31903.59
MinimumVisualStudioVersion = 10.0.40219.1
Project("{FAE04EC0-301F-11D3-BF4B-00C04F79EFBC}") = "Referring", "Referring\Referring.csproj", "{60191C51-88C6-4F5F-A672-9B75DF8C8E79}"
EndProject
Global
	GlobalSection(SolutionConfigurationPlatforms) = preSolution
		Debug|Any CPU = Debug|Any CPU
		Release|Any CPU = Release|Any CPU
	EndGlobalSection
	GlobalSection(ProjectConfigurationPlatforms) = postSolution
		{60191C51-88C6-4F5F-A672-9B75DF8C8E79}.Debug|Any CPU.ActiveCfg = Debug|Any CPU
		{60191C51-88C6-4F5F-A672-9B75DF8C8E79}.Debug|Any CPU.Build.0 = Debug|Any CPU
		{60191C51-88C6-4F5F-A672-9B75DF8C8E79}.Release|Any CPU.ActiveCfg = Release|Any CPU
		{60191C51-88C6-4F5F-A672-9B75DF8C8E79}.Release|Any CPU.Build.0 = Release|Any CPU
	EndGlobalSection
	GlobalSection(SolutionProperties) = preSolution
		HideSolutionNode = FALSE
	EndGlobalSection
	GlobalSection(ExtensibilityGlobals) = postSolution
		SolutionGuid = {504078E2-B89D-458A-B083-33D1985F7842}
	EndGlobalSection
EndGlobal
