
Microsoft Visual Studio Solution File, Format Version 12.00
# Visual Studio Version 17
VisualStudioVersion = 17.0.31919.166
MinimumVisualStudioVersion = 10.0.40219.1
Project("{FAE04EC0-301F-11D3-BF4B-00C04F79EFBC}") = "SealedKeyword", "SealedKeyword\SealedKeyword.csproj", "{B870BAC2-1C64-465E-BB2E-37DFF22E723D}"
EndProject
Global
	GlobalSection(SolutionConfigurationPlatforms) = preSolution
		Debug|Any CPU = Debug|Any CPU
		Release|Any CPU = Release|Any CPU
	EndGlobalSection
	GlobalSection(ProjectConfigurationPlatforms) = postSolution
		{B870BAC2-1C64-465E-BB2E-37DFF22E723D}.Debug|Any CPU.ActiveCfg = Debug|Any CPU
		{B870BAC2-1C64-465E-BB2E-37DFF22E723D}.Debug|Any CPU.Build.0 = Debug|Any CPU
		{B870BAC2-1C64-465E-BB2E-37DFF22E723D}.Release|Any CPU.ActiveCfg = Release|Any CPU
		{B870BAC2-1C64-465E-BB2E-37DFF22E723D}.Release|Any CPU.Build.0 = Release|Any CPU
	EndGlobalSection
	GlobalSection(SolutionProperties) = preSolution
		HideSolutionNode = FALSE
	EndGlobalSection
	GlobalSection(ExtensibilityGlobals) = postSolution
		SolutionGuid = {5B880C82-ABBE-4F8C-AC70-20A34BB5B136}
	EndGlobalSection
EndGlobal
